
Microsoft Visual Studio Solution File, Format Version 12.00
# Visual Studio Version 17
VisualStudioVersion = 17.1.32328.378
MinimumVisualStudioVersion = 10.0.40219.1
Project("{9A19103F-16F7-4668-BE54-9A1E7A4F7556}") = "TrackStudio", "Track Studio\TrackStudio.csproj", "{58480072-DD6D-461F-AC93-5DD56C4F6AC3}"
EndProject
Project("{9A19103F-16F7-4668-BE54-9A1E7A4F7556}") = "Updater", "Updater\Updater.csproj", "{A1D830E8-2A3B-4FE3-AF15-38FF2900446F}"
EndProject
Project("{9A19103F-16F7-4668-BE54-9A1E7A4F7556}") = "MapStudio.UI", "MapStudio.UI\MapStudio.UI.csproj", "{BCE75338-6718-4B7D-982A-BB8AA3B2DD39}"
EndProject
Project("{9A19103F-16F7-4668-BE54-9A1E7A4F7556}") = "GLFrameworkEngine", "GLFrameworkEngine\GLFrameworkEngine.csproj", "{18282923-CF8E-44B1-AB60-822E4EB5D81C}"
EndProject
Project("{9A19103F-16F7-4668-BE54-9A1E7A4F7556}") = "Toolbox.Core", "Toolbox.Core\Toolbox.Core.csproj", "{F72CE21C-7B9E-47FC-AEA6-3DD7100690A7}"
EndProject
Project("{2150E333-8FDC-42A3-9474-1A3956D46DE8}") = "Plugins", "Plugins", "{892C2F44-1D5C-4B9F-959D-451F74EB98BB}"
EndProject
Project("{9A19103F-16F7-4668-BE54-9A1E7A4F7556}") = "DirectXTexLibrary", "Plugins\DirectXTexLibrary\DirectXTexLibrary.csproj", "{6F301ECC-2B02-4415-9197-FB8828B8D79F}"
EndProject
Project("{9A19103F-16F7-4668-BE54-9A1E7A4F7556}") = "MapStudio.ImageCompressor", "Plugins\MapStudio.ImageCompressor\MapStudio.ImageCompressor.csproj", "{BF380CC4-B827-452A-8AE5-3F0AC5927145}"
EndProject
Project("{9A19103F-16F7-4668-BE54-9A1E7A4F7556}") = "TurboLibrary", "Plugins\TurboLibrary\TurboLibrary.csproj", "{EF47FFE4-E9F4-417B-8B03-BE2F820F11BA}"
EndProject
Project("{9A19103F-16F7-4668-BE54-9A1E7A4F7556}") = "CafeLibrary", "Plugins\CafeLibrary\CafeLibrary.csproj", "{A486B890-700A-40FC-B929-9B7135DA05DF}"
EndProject
Global
	GlobalSection(SolutionConfigurationPlatforms) = preSolution
		Debug|Any CPU = Debug|Any CPU
		Debug|x64 = Debug|x64
		Debug|x86 = Debug|x86
		Release|Any CPU = Release|Any CPU
		Release|x64 = Release|x64
		Release|x86 = Release|x86
	EndGlobalSection
	GlobalSection(ProjectConfigurationPlatforms) = postSolution
		{58480072-DD6D-461F-AC93-5DD56C4F6AC3}.Debug|Any CPU.ActiveCfg = Debug|Any CPU
		{58480072-DD6D-461F-AC93-5DD56C4F6AC3}.Debug|Any CPU.Build.0 = Debug|Any CPU
		{58480072-DD6D-461F-AC93-5DD56C4F6AC3}.Debug|x64.ActiveCfg = Debug|Any CPU
		{58480072-DD6D-461F-AC93-5DD56C4F6AC3}.Debug|x64.Build.0 = Debug|Any CPU
		{58480072-DD6D-461F-AC93-5DD56C4F6AC3}.Debug|x86.ActiveCfg = Debug|Any CPU
		{58480072-DD6D-461F-AC93-5DD56C4F6AC3}.Debug|x86.Build.0 = Debug|Any CPU
		{58480072-DD6D-461F-AC93-5DD56C4F6AC3}.Release|Any CPU.ActiveCfg = Release|Any CPU
		{58480072-DD6D-461F-AC93-5DD56C4F6AC3}.Release|Any CPU.Build.0 = Release|Any CPU
		{58480072-DD6D-461F-AC93-5DD56C4F6AC3}.Release|x64.ActiveCfg = Release|Any CPU
		{58480072-DD6D-461F-AC93-5DD56C4F6AC3}.Release|x64.Build.0 = Release|Any CPU
		{58480072-DD6D-461F-AC93-5DD56C4F6AC3}.Release|x86.ActiveCfg = Release|Any CPU
		{58480072-DD6D-461F-AC93-5DD56C4F6AC3}.Release|x86.Build.0 = Release|Any CPU
		{4EED43F9-10F3-4A37-94DC-38770445502C}.Debug|Any CPU.ActiveCfg = Debug|Any CPU
		{4EED43F9-10F3-4A37-94DC-38770445502C}.Debug|Any CPU.Build.0 = Debug|Any CPU
		{4EED43F9-10F3-4A37-94DC-38770445502C}.Debug|x64.ActiveCfg = Debug|Any CPU
		{4EED43F9-10F3-4A37-94DC-38770445502C}.Debug|x64.Build.0 = Debug|Any CPU
		{4EED43F9-10F3-4A37-94DC-38770445502C}.Debug|x86.ActiveCfg = Debug|Any CPU
		{4EED43F9-10F3-4A37-94DC-38770445502C}.Debug|x86.Build.0 = Debug|Any CPU
		{4EED43F9-10F3-4A37-94DC-38770445502C}.Release|Any CPU.ActiveCfg = Release|Any CPU
		{4EED43F9-10F3-4A37-94DC-38770445502C}.Release|Any CPU.Build.0 = Release|Any CPU
		{4EED43F9-10F3-4A37-94DC-38770445502C}.Release|x64.ActiveCfg = Release|Any CPU
		{4EED43F9-10F3-4A37-94DC-38770445502C}.Release|x64.Build.0 = Release|Any CPU
		{4EED43F9-10F3-4A37-94DC-38770445502C}.Release|x86.ActiveCfg = Release|Any CPU
		{4EED43F9-10F3-4A37-94DC-38770445502C}.Release|x86.Build.0 = Release|Any CPU
		{A1D830E8-2A3B-4FE3-AF15-38FF2900446F}.Debug|Any CPU.ActiveCfg = Debug|Any CPU
		{A1D830E8-2A3B-4FE3-AF15-38FF2900446F}.Debug|Any CPU.Build.0 = Debug|Any CPU
		{A1D830E8-2A3B-4FE3-AF15-38FF2900446F}.Debug|x64.ActiveCfg = Debug|x64
		{A1D830E8-2A3B-4FE3-AF15-38FF2900446F}.Debug|x64.Build.0 = Debug|x64
		{A1D830E8-2A3B-4FE3-AF15-38FF2900446F}.Debug|x86.ActiveCfg = Debug|x86
		{A1D830E8-2A3B-4FE3-AF15-38FF2900446F}.Debug|x86.Build.0 = Debug|x86
		{A1D830E8-2A3B-4FE3-AF15-38FF2900446F}.Release|Any CPU.ActiveCfg = Release|Any CPU
		{A1D830E8-2A3B-4FE3-AF15-38FF2900446F}.Release|Any CPU.Build.0 = Release|Any CPU
		{A1D830E8-2A3B-4FE3-AF15-38FF2900446F}.Release|x64.ActiveCfg = Release|x64
		{A1D830E8-2A3B-4FE3-AF15-38FF2900446F}.Release|x64.Build.0 = Release|x64
		{A1D830E8-2A3B-4FE3-AF15-38FF2900446F}.Release|x86.ActiveCfg = Release|x86
		{A1D830E8-2A3B-4FE3-AF15-38FF2900446F}.Release|x86.Build.0 = Release|x86
		{BCE75338-6718-4B7D-982A-BB8AA3B2DD39}.Debug|Any CPU.ActiveCfg = Debug|Any CPU
		{BCE75338-6718-4B7D-982A-BB8AA3B2DD39}.Debug|Any CPU.Build.0 = Debug|Any CPU
		{BCE75338-6718-4B7D-982A-BB8AA3B2DD39}.Debug|x64.ActiveCfg = Debug|Any CPU
		{BCE75338-6718-4B7D-982A-BB8AA3B2DD39}.Debug|x64.Build.0 = Debug|Any CPU
		{BCE75338-6718-4B7D-982A-BB8AA3B2DD39}.Debug|x86.ActiveCfg = Debug|x86
		{BCE75338-6718-4B7D-982A-BB8AA3B2DD39}.Debug|x86.Build.0 = Debug|x86
		{BCE75338-6718-4B7D-982A-BB8AA3B2DD39}.Release|Any CPU.ActiveCfg = Release|Any CPU
		{BCE75338-6718-4B7D-982A-BB8AA3B2DD39}.Release|Any CPU.Build.0 = Release|Any CPU
		{BCE75338-6718-4B7D-982A-BB8AA3B2DD39}.Release|x64.ActiveCfg = Release|Any CPU
		{BCE75338-6718-4B7D-982A-BB8AA3B2DD39}.Release|x64.Build.0 = Release|Any CPU
		{BCE75338-6718-4B7D-982A-BB8AA3B2DD39}.Release|x86.ActiveCfg = Release|x86
		{BCE75338-6718-4B7D-982A-BB8AA3B2DD39}.Release|x86.Build.0 = Release|x86
		{18282923-CF8E-44B1-AB60-822E4EB5D81C}.Debug|Any CPU.ActiveCfg = Debug|Any CPU
		{18282923-CF8E-44B1-AB60-822E4EB5D81C}.Debug|Any CPU.Build.0 = Debug|Any CPU
		{18282923-CF8E-44B1-AB60-822E4EB5D81C}.Debug|x64.ActiveCfg = Debug|x64
		{18282923-CF8E-44B1-AB60-822E4EB5D81C}.Debug|x64.Build.0 = Debug|x64
		{18282923-CF8E-44B1-AB60-822E4EB5D81C}.Debug|x86.ActiveCfg = Debug|x86
		{18282923-CF8E-44B1-AB60-822E4EB5D81C}.Debug|x86.Build.0 = Debug|x86
		{18282923-CF8E-44B1-AB60-822E4EB5D81C}.Release|Any CPU.ActiveCfg = Release|Any CPU
		{18282923-CF8E-44B1-AB60-822E4EB5D81C}.Release|Any CPU.Build.0 = Release|Any CPU
		{18282923-CF8E-44B1-AB60-822E4EB5D81C}.Release|x64.ActiveCfg = Release|x64
		{18282923-CF8E-44B1-AB60-822E4EB5D81C}.Release|x64.Build.0 = Release|x64
		{18282923-CF8E-44B1-AB60-822E4EB5D81C}.Release|x86.ActiveCfg = Release|x86
		{18282923-CF8E-44B1-AB60-822E4EB5D81C}.Release|x86.Build.0 = Release|x86
		{F72CE21C-7B9E-47FC-AEA6-3DD7100690A7}.Debug|Any CPU.ActiveCfg = Debug|Any CPU
		{F72CE21C-7B9E-47FC-AEA6-3DD7100690A7}.Debug|Any CPU.Build.0 = Debug|Any CPU
		{F72CE21C-7B9E-47FC-AEA6-3DD7100690A7}.Debug|x64.ActiveCfg = Debug|Any CPU
		{F72CE21C-7B9E-47FC-AEA6-3DD7100690A7}.Debug|x64.Build.0 = Debug|Any CPU
		{F72CE21C-7B9E-47FC-AEA6-3DD7100690A7}.Debug|x86.ActiveCfg = Debug|x86
		{F72CE21C-7B9E-47FC-AEA6-3DD7100690A7}.Debug|x86.Build.0 = Debug|x86
		{F72CE21C-7B9E-47FC-AEA6-3DD7100690A7}.Release|Any CPU.ActiveCfg = Release|Any CPU
		{F72CE21C-7B9E-47FC-AEA6-3DD7100690A7}.Release|Any CPU.Build.0 = Release|Any CPU
		{F72CE21C-7B9E-47FC-AEA6-3DD7100690A7}.Release|x64.ActiveCfg = Release|Any CPU
		{F72CE21C-7B9E-47FC-AEA6-3DD7100690A7}.Release|x64.Build.0 = Release|Any CPU
		{F72CE21C-7B9E-47FC-AEA6-3DD7100690A7}.Release|x86.ActiveCfg = Release|x86
		{F72CE21C-7B9E-47FC-AEA6-3DD7100690A7}.Release|x86.Build.0 = Release|x86
		{6F301ECC-2B02-4415-9197-FB8828B8D79F}.Debug|Any CPU.ActiveCfg = Debug|Any CPU
		{6F301ECC-2B02-4415-9197-FB8828B8D79F}.Debug|Any CPU.Build.0 = Debug|Any CPU
		{6F301ECC-2B02-4415-9197-FB8828B8D79F}.Debug|x64.ActiveCfg = Debug|Any CPU
		{6F301ECC-2B02-4415-9197-FB8828B8D79F}.Debug|x64.Build.0 = Debug|Any CPU
		{6F301ECC-2B02-4415-9197-FB8828B8D79F}.Debug|x86.ActiveCfg = Debug|Any CPU
		{6F301ECC-2B02-4415-9197-FB8828B8D79F}.Debug|x86.Build.0 = Debug|Any CPU
		{6F301ECC-2B02-4415-9197-FB8828B8D79F}.Release|Any CPU.ActiveCfg = Release|Any CPU
		{6F301ECC-2B02-4415-9197-FB8828B8D79F}.Release|Any CPU.Build.0 = Release|Any CPU
		{6F301ECC-2B02-4415-9197-FB8828B8D79F}.Release|x64.ActiveCfg = Release|Any CPU
		{6F301ECC-2B02-4415-9197-FB8828B8D79F}.Release|x64.Build.0 = Release|Any CPU
		{6F301ECC-2B02-4415-9197-FB8828B8D79F}.Release|x86.ActiveCfg = Release|Any CPU
		{6F301ECC-2B02-4415-9197-FB8828B8D79F}.Release|x86.Build.0 = Release|Any CPU
		{BF380CC4-B827-452A-8AE5-3F0AC5927145}.Debug|Any CPU.ActiveCfg = Debug|Any CPU
		{BF380CC4-B827-452A-8AE5-3F0AC5927145}.Debug|Any CPU.Build.0 = Debug|Any CPU
		{BF380CC4-B827-452A-8AE5-3F0AC5927145}.Debug|x64.ActiveCfg = Debug|Any CPU
		{BF380CC4-B827-452A-8AE5-3F0AC5927145}.Debug|x64.Build.0 = Debug|Any CPU
		{BF380CC4-B827-452A-8AE5-3F0AC5927145}.Debug|x86.ActiveCfg = Debug|Any CPU
		{BF380CC4-B827-452A-8AE5-3F0AC5927145}.Debug|x86.Build.0 = Debug|Any CPU
		{BF380CC4-B827-452A-8AE5-3F0AC5927145}.Release|Any CPU.ActiveCfg = Release|Any CPU
		{BF380CC4-B827-452A-8AE5-3F0AC5927145}.Release|Any CPU.Build.0 = Release|Any CPU
		{BF380CC4-B827-452A-8AE5-3F0AC5927145}.Release|x64.ActiveCfg = Release|Any CPU
		{BF380CC4-B827-452A-8AE5-3F0AC5927145}.Release|x64.Build.0 = Release|Any CPU
		{BF380CC4-B827-452A-8AE5-3F0AC5927145}.Release|x86.ActiveCfg = Release|Any CPU
		{BF380CC4-B827-452A-8AE5-3F0AC5927145}.Release|x86.Build.0 = Release|Any CPU
		{EF47FFE4-E9F4-417B-8B03-BE2F820F11BA}.Debug|Any CPU.ActiveCfg = Debug|Any CPU
		{EF47FFE4-E9F4-417B-8B03-BE2F820F11BA}.Debug|Any CPU.Build.0 = Debug|Any CPU
		{EF47FFE4-E9F4-417B-8B03-BE2F820F11BA}.Debug|x64.ActiveCfg = Debug|Any CPU
		{EF47FFE4-E9F4-417B-8B03-BE2F820F11BA}.Debug|x64.Build.0 = Debug|Any CPU
		{EF47FFE4-E9F4-417B-8B03-BE2F820F11BA}.Debug|x86.ActiveCfg = Debug|Any CPU
		{EF47FFE4-E9F4-417B-8B03-BE2F820F11BA}.Debug|x86.Build.0 = Debug|Any CPU
		{EF47FFE4-E9F4-417B-8B03-BE2F820F11BA}.Release|Any CPU.ActiveCfg = Release|Any CPU
		{EF47FFE4-E9F4-417B-8B03-BE2F820F11BA}.Release|Any CPU.Build.0 = Release|Any CPU
		{EF47FFE4-E9F4-417B-8B03-BE2F820F11BA}.Release|x64.ActiveCfg = Release|Any CPU
		{EF47FFE4-E9F4-417B-8B03-BE2F820F11BA}.Release|x64.Build.0 = Release|Any CPU
		{EF47FFE4-E9F4-417B-8B03-BE2F820F11BA}.Release|x86.ActiveCfg = Release|Any CPU
		{EF47FFE4-E9F4-417B-8B03-BE2F820F11BA}.Release|x86.Build.0 = Release|Any CPU
		{A486B890-700A-40FC-B929-9B7135DA05DF}.Debug|Any CPU.ActiveCfg = Debug|Any CPU
		{A486B890-700A-40FC-B929-9B7135DA05DF}.Debug|Any CPU.Build.0 = Debug|Any CPU
		{A486B890-700A-40FC-B929-9B7135DA05DF}.Debug|x64.ActiveCfg = Debug|Any CPU
		{A486B890-700A-40FC-B929-9B7135DA05DF}.Debug|x64.Build.0 = Debug|Any CPU
		{A486B890-700A-40FC-B929-9B7135DA05DF}.Debug|x86.ActiveCfg = Debug|Any CPU
		{A486B890-700A-40FC-B929-9B7135DA05DF}.Debug|x86.Build.0 = Debug|Any CPU
		{A486B890-700A-40FC-B929-9B7135DA05DF}.Release|Any CPU.ActiveCfg = Release|Any CPU
		{A486B890-700A-40FC-B929-9B7135DA05DF}.Release|Any CPU.Build.0 = Release|Any CPU
		{A486B890-700A-40FC-B929-9B7135DA05DF}.Release|x64.ActiveCfg = Release|Any CPU
		{A486B890-700A-40FC-B929-9B7135DA05DF}.Release|x64.Build.0 = Release|Any CPU
		{A486B890-700A-40FC-B929-9B7135DA05DF}.Release|x86.ActiveCfg = Release|Any CPU
		{A486B890-700A-40FC-B929-9B7135DA05DF}.Release|x86.Build.0 = Release|Any CPU
	EndGlobalSection
	GlobalSection(SolutionProperties) = preSolution
		HideSolutionNode = FALSE
	EndGlobalSection
	GlobalSection(NestedProjects) = preSolution
		{6F301ECC-2B02-4415-9197-FB8828B8D79F} = {892C2F44-1D5C-4B9F-959D-451F74EB98BB}
		{BF380CC4-B827-452A-8AE5-3F0AC5927145} = {892C2F44-1D5C-4B9F-959D-451F74EB98BB}
		{EF47FFE4-E9F4-417B-8B03-BE2F820F11BA} = {892C2F44-1D5C-4B9F-959D-451F74EB98BB}
		{A486B890-700A-40FC-B929-9B7135DA05DF} = {892C2F44-1D5C-4B9F-959D-451F74EB98BB}
	EndGlobalSection
	GlobalSection(ExtensibilityGlobals) = postSolution
		SolutionGuid = {631A19BB-11BA-4D23-BA6B-0509CA9CC6AD}
	EndGlobalSection
EndGlobal
