
Microsoft Visual Studio Solution File, Format Version 12.00
# Visual Studio Version 17
VisualStudioVersion = 17.1.32328.378
MinimumVisualStudioVersion = 10.0.40219.1
Project("{FAE04EC0-301F-11D3-BF4B-00C04F79EFBC}") = "Track Studio", "Track Studio\Track Studio.csproj", "{58480072-DD6D-461F-AC93-5DD56C4F6AC3}"
EndProject
Global
	GlobalSection(SolutionConfigurationPlatforms) = preSolution
		Debug|Any CPU = Debug|Any CPU
		Release|Any CPU = Release|Any CPU
	EndGlobalSection
	GlobalSection(ProjectConfigurationPlatforms) = postSolution
		{58480072-DD6D-461F-AC93-5DD56C4F6AC3}.Debug|Any CPU.ActiveCfg = Debug|Any CPU
		{58480072-DD6D-461F-AC93-5DD56C4F6AC3}.Debug|Any CPU.Build.0 = Debug|Any CPU
		{58480072-DD6D-461F-AC93-5DD56C4F6AC3}.Release|Any CPU.ActiveCfg = Release|Any CPU
		{58480072-DD6D-461F-AC93-5DD56C4F6AC3}.Release|Any CPU.Build.0 = Release|Any CPU
	EndGlobalSection
	GlobalSection(SolutionProperties) = preSolution
		HideSolutionNode = FALSE
	EndGlobalSection
	GlobalSection(ExtensibilityGlobals) = postSolution
		SolutionGuid = {631A19BB-11BA-4D23-BA6B-0509CA9CC6AD}
	EndGlobalSection
EndGlobal
